# THIS IS AN AUTOGENERATED FILE. DO NOT EDIT THIS FILE DIRECTLY.
# yarn lockfile v1


highlight.js@^9.8.0:
  version "9.8.0"
  resolved "http://r.cnpmjs.org/highlight.js/download/highlight.js-9.8.0.tgz#38eeef40cd45eaddbec8c9e5238fb7a783a3b685"

marked@^0.3.6:
  version "0.3.6"
  resolved "http://r.cnpmjs.org/marked/download/marked-0.3.6.tgz#b2c6c618fccece4ef86c4fc6cb8a7cbf5aeda8d7"
